// !$*UTF8*$!
{
	archiveVersion = 1;
	classes = {
	};
	objectVersion = 50;
	objects = {

/* Begin PBXBuildFile section */
		CC3BCCB926CF149C0069E200 /* FinappApp.swift in Sources */ = {isa = PBXBuildFile; fileRef = CC3BCCB826CF149C0069E200 /* FinappApp.swift */; };
		CC3BCCBB26CF149C0069E200 /* ContentView.swift in Sources */ = {isa = PBXBuildFile; fileRef = CC3BCCBA26CF149C0069E200 /* ContentView.swift */; };
		CC3BCCBD26CF149D0069E200 /* Assets.xcassets in Resources */ = {isa = PBXBuildFile; fileRef = CC3BCCBC26CF149D0069E200 /* Assets.xcassets */; };
		CC3BCCC026CF149D0069E200 /* Preview Assets.xcassets in Resources */ = {isa = PBXBuildFile; fileRef = CC3BCCBF26CF149D0069E200 /* Preview Assets.xcassets */; };
		CC3BCCCE26CF15320069E200 /* WidgetKit.framework in Frameworks */ = {isa = PBXBuildFile; fileRef = CC3BCCCD26CF15320069E200 /* WidgetKit.framework */; };
		CC3BCCD026CF15320069E200 /* SwiftUI.framework in Frameworks */ = {isa = PBXBuildFile; fileRef = CC3BCCCF26CF15320069E200 /* SwiftUI.framework */; };
		CC3BCCD326CF15320069E200 /* widget.swift in Sources */ = {isa = PBXBuildFile; fileRef = CC3BCCD226CF15320069E200 /* widget.swift */; };
		CC3BCCD626CF15330069E200 /* Assets.xcassets in Resources */ = {isa = PBXBuildFile; fileRef = CC3BCCD526CF15330069E200 /* Assets.xcassets */; };
		CC3BCCD826CF15330069E200 /* widget.intentdefinition in Sources */ = {isa = PBXBuildFile; fileRef = CC3BCCD426CF15320069E200 /* widget.intentdefinition */; };
		CC3BCCD926CF15330069E200 /* widget.intentdefinition in Sources */ = {isa = PBXBuildFile; fileRef = CC3BCCD426CF15320069E200 /* widget.intentdefinition */; };
		CC3BCCDC26CF15330069E200 /* widgetExtension.appex in Embed App Extensions */ = {isa = PBXBuildFile; fileRef = CC3BCCCB26CF15320069E200 /* widgetExtension.appex */; settings = {ATTRIBUTES = (RemoveHeadersOnCopy, ); }; };
		CC3BCCE826CF164C0069E200 /* PeriodsData.json in Resources */ = {isa = PBXBuildFile; fileRef = CC3BCCE726CF164C0069E200 /* PeriodsData.json */; };
		CC3BCCE926CF164C0069E200 /* PeriodsData.json in Resources */ = {isa = PBXBuildFile; fileRef = CC3BCCE726CF164C0069E200 /* PeriodsData.json */; };
		CC3BCCEB26CF165C0069E200 /* BudgetsData.json in Resources */ = {isa = PBXBuildFile; fileRef = CC3BCCEA26CF165C0069E200 /* BudgetsData.json */; };
		CC3BCCEC26CF165C0069E200 /* BudgetsData.json in Resources */ = {isa = PBXBuildFile; fileRef = CC3BCCEA26CF165C0069E200 /* BudgetsData.json */; };
		CC3BCCEE26CF166F0069E200 /* TransactionsData.json in Resources */ = {isa = PBXBuildFile; fileRef = CC3BCCED26CF166F0069E200 /* TransactionsData.json */; };
		CC3BCCEF26CF166F0069E200 /* TransactionsData.json in Resources */ = {isa = PBXBuildFile; fileRef = CC3BCCED26CF166F0069E200 /* TransactionsData.json */; };
		CC3BCCF126CF176A0069E200 /* Period.swift in Sources */ = {isa = PBXBuildFile; fileRef = CC3BCCF026CF176A0069E200 /* Period.swift */; };
		CC3BCCF226CF176A0069E200 /* Period.swift in Sources */ = {isa = PBXBuildFile; fileRef = CC3BCCF026CF176A0069E200 /* Period.swift */; };
		CC3BCCF426CF18610069E200 /* Budget.swift in Sources */ = {isa = PBXBuildFile; fileRef = CC3BCCF326CF18610069E200 /* Budget.swift */; };
		CC3BCCF526CF18610069E200 /* Budget.swift in Sources */ = {isa = PBXBuildFile; fileRef = CC3BCCF326CF18610069E200 /* Budget.swift */; };
		CC3BCCF726CF19040069E200 /* Transaction.swift in Sources */ = {isa = PBXBuildFile; fileRef = CC3BCCF626CF19040069E200 /* Transaction.swift */; };
		CC3BCCF826CF19040069E200 /* Transaction.swift in Sources */ = {isa = PBXBuildFile; fileRef = CC3BCCF626CF19040069E200 /* Transaction.swift */; };
		CC3BCCFD26CF1AEA0069E200 /* TransactionRow.swift in Sources */ = {isa = PBXBuildFile; fileRef = CC3BCCFC26CF1AEA0069E200 /* TransactionRow.swift */; };
		CC3BCD0026D0066B0069E200 /* CurrencyFormatter.swift in Sources */ = {isa = PBXBuildFile; fileRef = CC3BCCFF26D0066B0069E200 /* CurrencyFormatter.swift */; };
		CC3BCD0326D00B5A0069E200 /* ModelData.swift in Sources */ = {isa = PBXBuildFile; fileRef = CC3BCD0226D00B5A0069E200 /* ModelData.swift */; };
		CC3BCD0526D013C60069E200 /* DateFormatter.swift in Sources */ = {isa = PBXBuildFile; fileRef = CC3BCD0426D013C60069E200 /* DateFormatter.swift */; };
		CC3BCD0726D02E260069E200 /* TransactionList.swift in Sources */ = {isa = PBXBuildFile; fileRef = CC3BCD0626D02E260069E200 /* TransactionList.swift */; };
		CC3BCD0926D02EFA0069E200 /* BudgetDetail.swift in Sources */ = {isa = PBXBuildFile; fileRef = CC3BCD0826D02EFA0069E200 /* BudgetDetail.swift */; };
/* End PBXBuildFile section */

/* Begin PBXContainerItemProxy section */
		CC3BCCDA26CF15330069E200 /* PBXContainerItemProxy */ = {
			isa = PBXContainerItemProxy;
			containerPortal = CC3BCCAD26CF149C0069E200 /* Project object */;
			proxyType = 1;
			remoteGlobalIDString = CC3BCCCA26CF15320069E200;
			remoteInfo = widgetExtension;
		};
/* End PBXContainerItemProxy section */

/* Begin PBXCopyFilesBuildPhase section */
		CC3BCCE026CF15330069E200 /* Embed App Extensions */ = {
			isa = PBXCopyFilesBuildPhase;
			buildActionMask = 2147483647;
			dstPath = "";
			dstSubfolderSpec = 13;
			files = (
				CC3BCCDC26CF15330069E200 /* widgetExtension.appex in Embed App Extensions */,
			);
			name = "Embed App Extensions";
			runOnlyForDeploymentPostprocessing = 0;
		};
/* End PBXCopyFilesBuildPhase section */

/* Begin PBXFileReference section */
		CC3BCCB526CF149C0069E200 /* Finapp.app */ = {isa = PBXFileReference; explicitFileType = wrapper.application; includeInIndex = 0; path = Finapp.app; sourceTree = BUILT_PRODUCTS_DIR; };
		CC3BCCB826CF149C0069E200 /* FinappApp.swift */ = {isa = PBXFileReference; lastKnownFileType = sourcecode.swift; path = FinappApp.swift; sourceTree = "<group>"; };
		CC3BCCBA26CF149C0069E200 /* ContentView.swift */ = {isa = PBXFileReference; lastKnownFileType = sourcecode.swift; path = ContentView.swift; sourceTree = "<group>"; };
		CC3BCCBC26CF149D0069E200 /* Assets.xcassets */ = {isa = PBXFileReference; lastKnownFileType = folder.assetcatalog; path = Assets.xcassets; sourceTree = "<group>"; };
		CC3BCCBF26CF149D0069E200 /* Preview Assets.xcassets */ = {isa = PBXFileReference; lastKnownFileType = folder.assetcatalog; path = "Preview Assets.xcassets"; sourceTree = "<group>"; };
		CC3BCCC126CF149D0069E200 /* Info.plist */ = {isa = PBXFileReference; lastKnownFileType = text.plist.xml; path = Info.plist; sourceTree = "<group>"; };
		CC3BCCCB26CF15320069E200 /* widgetExtension.appex */ = {isa = PBXFileReference; explicitFileType = "wrapper.app-extension"; includeInIndex = 0; path = widgetExtension.appex; sourceTree = BUILT_PRODUCTS_DIR; };
		CC3BCCCD26CF15320069E200 /* WidgetKit.framework */ = {isa = PBXFileReference; lastKnownFileType = wrapper.framework; name = WidgetKit.framework; path = System/Library/Frameworks/WidgetKit.framework; sourceTree = SDKROOT; };
		CC3BCCCF26CF15320069E200 /* SwiftUI.framework */ = {isa = PBXFileReference; lastKnownFileType = wrapper.framework; name = SwiftUI.framework; path = System/Library/Frameworks/SwiftUI.framework; sourceTree = SDKROOT; };
		CC3BCCD226CF15320069E200 /* widget.swift */ = {isa = PBXFileReference; lastKnownFileType = sourcecode.swift; path = widget.swift; sourceTree = "<group>"; };
		CC3BCCD426CF15320069E200 /* widget.intentdefinition */ = {isa = PBXFileReference; lastKnownFileType = file.intentdefinition; path = widget.intentdefinition; sourceTree = "<group>"; };
		CC3BCCD526CF15330069E200 /* Assets.xcassets */ = {isa = PBXFileReference; lastKnownFileType = folder.assetcatalog; path = Assets.xcassets; sourceTree = "<group>"; };
		CC3BCCD726CF15330069E200 /* Info.plist */ = {isa = PBXFileReference; lastKnownFileType = text.plist.xml; path = Info.plist; sourceTree = "<group>"; };
		CC3BCCE726CF164C0069E200 /* PeriodsData.json */ = {isa = PBXFileReference; lastKnownFileType = text.json; path = PeriodsData.json; sourceTree = "<group>"; };
		CC3BCCEA26CF165C0069E200 /* BudgetsData.json */ = {isa = PBXFileReference; lastKnownFileType = text.json; path = BudgetsData.json; sourceTree = "<group>"; };
		CC3BCCED26CF166F0069E200 /* TransactionsData.json */ = {isa = PBXFileReference; lastKnownFileType = text.json; path = TransactionsData.json; sourceTree = "<group>"; };
		CC3BCCF026CF176A0069E200 /* Period.swift */ = {isa = PBXFileReference; lastKnownFileType = sourcecode.swift; path = Period.swift; sourceTree = "<group>"; };
		CC3BCCF326CF18610069E200 /* Budget.swift */ = {isa = PBXFileReference; lastKnownFileType = sourcecode.swift; path = Budget.swift; sourceTree = "<group>"; };
		CC3BCCF626CF19040069E200 /* Transaction.swift */ = {isa = PBXFileReference; lastKnownFileType = sourcecode.swift; path = Transaction.swift; sourceTree = "<group>"; };
		CC3BCCFC26CF1AEA0069E200 /* TransactionRow.swift */ = {isa = PBXFileReference; lastKnownFileType = sourcecode.swift; path = TransactionRow.swift; sourceTree = "<group>"; };
		CC3BCCFF26D0066B0069E200 /* CurrencyFormatter.swift */ = {isa = PBXFileReference; lastKnownFileType = sourcecode.swift; path = CurrencyFormatter.swift; sourceTree = "<group>"; };
		CC3BCD0226D00B5A0069E200 /* ModelData.swift */ = {isa = PBXFileReference; lastKnownFileType = sourcecode.swift; path = ModelData.swift; sourceTree = "<group>"; };
		CC3BCD0426D013C60069E200 /* DateFormatter.swift */ = {isa = PBXFileReference; lastKnownFileType = sourcecode.swift; path = DateFormatter.swift; sourceTree = "<group>"; };
		CC3BCD0626D02E260069E200 /* TransactionList.swift */ = {isa = PBXFileReference; lastKnownFileType = sourcecode.swift; path = TransactionList.swift; sourceTree = "<group>"; };
		CC3BCD0826D02EFA0069E200 /* BudgetDetail.swift */ = {isa = PBXFileReference; lastKnownFileType = sourcecode.swift; path = BudgetDetail.swift; sourceTree = "<group>"; };
/* End PBXFileReference section */

/* Begin PBXFrameworksBuildPhase section */
		CC3BCCB226CF149C0069E200 /* Frameworks */ = {
			isa = PBXFrameworksBuildPhase;
			buildActionMask = 2147483647;
			files = (
			);
			runOnlyForDeploymentPostprocessing = 0;
		};
		CC3BCCC826CF15320069E200 /* Frameworks */ = {
			isa = PBXFrameworksBuildPhase;
			buildActionMask = 2147483647;
			files = (
				CC3BCCD026CF15320069E200 /* SwiftUI.framework in Frameworks */,
				CC3BCCCE26CF15320069E200 /* WidgetKit.framework in Frameworks */,
			);
			runOnlyForDeploymentPostprocessing = 0;
		};
/* End PBXFrameworksBuildPhase section */

/* Begin PBXGroup section */
		CC3BCCAC26CF149C0069E200 = {
			isa = PBXGroup;
			children = (
				CC3BCCB726CF149C0069E200 /* Finapp */,
				CC3BCCD126CF15320069E200 /* Widget */,
				CC3BCCCC26CF15320069E200 /* Frameworks */,
				CC3BCCB626CF149C0069E200 /* Products */,
			);
			sourceTree = "<group>";
		};
		CC3BCCB626CF149C0069E200 /* Products */ = {
			isa = PBXGroup;
			children = (
				CC3BCCB526CF149C0069E200 /* Finapp.app */,
				CC3BCCCB26CF15320069E200 /* widgetExtension.appex */,
			);
			name = Products;
			sourceTree = "<group>";
		};
		CC3BCCB726CF149C0069E200 /* Finapp */ = {
			isa = PBXGroup;
			children = (
				CC3BCCF926CF19E60069E200 /* Views */,
				CC3BCCE326CF15A10069E200 /* Resources */,
				CC3BCCE226CF15900069E200 /* Models */,
				CC3BCCB826CF149C0069E200 /* FinappApp.swift */,
				CC3BCCBC26CF149D0069E200 /* Assets.xcassets */,
				CC3BCCC126CF149D0069E200 /* Info.plist */,
				CC3BCCBE26CF149D0069E200 /* Preview Content */,
			);
			path = Finapp;
			sourceTree = "<group>";
		};
		CC3BCCBE26CF149D0069E200 /* Preview Content */ = {
			isa = PBXGroup;
			children = (
				CC3BCCBF26CF149D0069E200 /* Preview Assets.xcassets */,
			);
			path = "Preview Content";
			sourceTree = "<group>";
		};
		CC3BCCCC26CF15320069E200 /* Frameworks */ = {
			isa = PBXGroup;
			children = (
				CC3BCCCD26CF15320069E200 /* WidgetKit.framework */,
				CC3BCCCF26CF15320069E200 /* SwiftUI.framework */,
			);
			name = Frameworks;
			sourceTree = "<group>";
		};
		CC3BCCD126CF15320069E200 /* Widget */ = {
			isa = PBXGroup;
			children = (
				CC3BCCD226CF15320069E200 /* widget.swift */,
				CC3BCCD426CF15320069E200 /* widget.intentdefinition */,
				CC3BCCD526CF15330069E200 /* Assets.xcassets */,
				CC3BCCD726CF15330069E200 /* Info.plist */,
			);
			path = Widget;
			sourceTree = "<group>";
		};
		CC3BCCE226CF15900069E200 /* Models */ = {
			isa = PBXGroup;
			children = (
				CC3BCD0126D006730069E200 /* Helpers */,
				CC3BCCF026CF176A0069E200 /* Period.swift */,
				CC3BCCF326CF18610069E200 /* Budget.swift */,
				CC3BCCF626CF19040069E200 /* Transaction.swift */,
				CC3BCD0226D00B5A0069E200 /* ModelData.swift */,
			);
			path = Models;
			sourceTree = "<group>";
		};
		CC3BCCE326CF15A10069E200 /* Resources */ = {
			isa = PBXGroup;
			children = (
				CC3BCCE726CF164C0069E200 /* PeriodsData.json */,
				CC3BCCEA26CF165C0069E200 /* BudgetsData.json */,
				CC3BCCED26CF166F0069E200 /* TransactionsData.json */,
			);
			path = Resources;
			sourceTree = "<group>";
		};
		CC3BCCF926CF19E60069E200 /* Views */ = {
			isa = PBXGroup;
			children = (
				CC3BCCBA26CF149C0069E200 /* ContentView.swift */,
				CC3BCD0A26D030F10069E200 /* Budgets */,
				CC3BCCFE26CF1AF10069E200 /* Transactions */,
			);
			path = Views;
			sourceTree = "<group>";
		};
		CC3BCCFE26CF1AF10069E200 /* Transactions */ = {
			isa = PBXGroup;
			children = (
				CC3BCCFC26CF1AEA0069E200 /* TransactionRow.swift */,
				CC3BCD0626D02E260069E200 /* TransactionList.swift */,
			);
			path = Transactions;
			sourceTree = "<group>";
		};
		CC3BCD0126D006730069E200 /* Helpers */ = {
			isa = PBXGroup;
			children = (
				CC3BCCFF26D0066B0069E200 /* CurrencyFormatter.swift */,
				CC3BCD0426D013C60069E200 /* DateFormatter.swift */,
			);
			path = Helpers;
			sourceTree = "<group>";
		};
		CC3BCD0A26D030F10069E200 /* Budgets */ = {
			isa = PBXGroup;
			children = (
				CC3BCD0826D02EFA0069E200 /* BudgetDetail.swift */,
			);
			path = Budgets;
			sourceTree = "<group>";
		};
/* End PBXGroup section */

/* Begin PBXNativeTarget section */
		CC3BCCB426CF149C0069E200 /* Finapp */ = {
			isa = PBXNativeTarget;
			buildConfigurationList = CC3BCCC426CF149D0069E200 /* Build configuration list for PBXNativeTarget "Finapp" */;
			buildPhases = (
				CC3BCCB126CF149C0069E200 /* Sources */,
				CC3BCCB226CF149C0069E200 /* Frameworks */,
				CC3BCCB326CF149C0069E200 /* Resources */,
				CC3BCCE026CF15330069E200 /* Embed App Extensions */,
			);
			buildRules = (
			);
			dependencies = (
				CC3BCCDB26CF15330069E200 /* PBXTargetDependency */,
			);
			name = Finapp;
			productName = Finapp;
			productReference = CC3BCCB526CF149C0069E200 /* Finapp.app */;
			productType = "com.apple.product-type.application";
		};
		CC3BCCCA26CF15320069E200 /* widgetExtension */ = {
			isa = PBXNativeTarget;
			buildConfigurationList = CC3BCCDD26CF15330069E200 /* Build configuration list for PBXNativeTarget "widgetExtension" */;
			buildPhases = (
				CC3BCCC726CF15320069E200 /* Sources */,
				CC3BCCC826CF15320069E200 /* Frameworks */,
				CC3BCCC926CF15320069E200 /* Resources */,
			);
			buildRules = (
			);
			dependencies = (
			);
			name = widgetExtension;
			productName = widgetExtension;
			productReference = CC3BCCCB26CF15320069E200 /* widgetExtension.appex */;
			productType = "com.apple.product-type.app-extension";
		};
/* End PBXNativeTarget section */

/* Begin PBXProject section */
		CC3BCCAD26CF149C0069E200 /* Project object */ = {
			isa = PBXProject;
			attributes = {
				LastSwiftUpdateCheck = 1250;
				LastUpgradeCheck = 1250;
				TargetAttributes = {
					CC3BCCB426CF149C0069E200 = {
						CreatedOnToolsVersion = 12.5.1;
					};
					CC3BCCCA26CF15320069E200 = {
						CreatedOnToolsVersion = 12.5.1;
					};
				};
			};
			buildConfigurationList = CC3BCCB026CF149C0069E200 /* Build configuration list for PBXProject "Finapp" */;
			compatibilityVersion = "Xcode 9.3";
			developmentRegion = en;
			hasScannedForEncodings = 0;
			knownRegions = (
				en,
				Base,
			);
			mainGroup = CC3BCCAC26CF149C0069E200;
			productRefGroup = CC3BCCB626CF149C0069E200 /* Products */;
			projectDirPath = "";
			projectRoot = "";
			targets = (
				CC3BCCB426CF149C0069E200 /* Finapp */,
				CC3BCCCA26CF15320069E200 /* widgetExtension */,
			);
		};
/* End PBXProject section */

/* Begin PBXResourcesBuildPhase section */
		CC3BCCB326CF149C0069E200 /* Resources */ = {
			isa = PBXResourcesBuildPhase;
			buildActionMask = 2147483647;
			files = (
				CC3BCCEB26CF165C0069E200 /* BudgetsData.json in Resources */,
				CC3BCCC026CF149D0069E200 /* Preview Assets.xcassets in Resources */,
				CC3BCCE826CF164C0069E200 /* PeriodsData.json in Resources */,
				CC3BCCBD26CF149D0069E200 /* Assets.xcassets in Resources */,
				CC3BCCEE26CF166F0069E200 /* TransactionsData.json in Resources */,
			);
			runOnlyForDeploymentPostprocessing = 0;
		};
		CC3BCCC926CF15320069E200 /* Resources */ = {
			isa = PBXResourcesBuildPhase;
			buildActionMask = 2147483647;
			files = (
				CC3BCCEF26CF166F0069E200 /* TransactionsData.json in Resources */,
				CC3BCCE926CF164C0069E200 /* PeriodsData.json in Resources */,
				CC3BCCEC26CF165C0069E200 /* BudgetsData.json in Resources */,
				CC3BCCD626CF15330069E200 /* Assets.xcassets in Resources */,
			);
			runOnlyForDeploymentPostprocessing = 0;
		};
/* End PBXResourcesBuildPhase section */

/* Begin PBXSourcesBuildPhase section */
		CC3BCCB126CF149C0069E200 /* Sources */ = {
			isa = PBXSourcesBuildPhase;
			buildActionMask = 2147483647;
			files = (
				CC3BCCFD26CF1AEA0069E200 /* TransactionRow.swift in Sources */,
				CC3BCCD926CF15330069E200 /* widget.intentdefinition in Sources */,
				CC3BCCBB26CF149C0069E200 /* ContentView.swift in Sources */,
				CC3BCCF726CF19040069E200 /* Transaction.swift in Sources */,
				CC3BCD0726D02E260069E200 /* TransactionList.swift in Sources */,
				CC3BCD0926D02EFA0069E200 /* BudgetDetail.swift in Sources */,
				CC3BCD0526D013C60069E200 /* DateFormatter.swift in Sources */,
				CC3BCCF426CF18610069E200 /* Budget.swift in Sources */,
				CC3BCCF126CF176A0069E200 /* Period.swift in Sources */,
				CC3BCD0326D00B5A0069E200 /* ModelData.swift in Sources */,
				CC3BCD0026D0066B0069E200 /* CurrencyFormatter.swift in Sources */,
				CC3BCCB926CF149C0069E200 /* FinappApp.swift in Sources */,
			);
			runOnlyForDeploymentPostprocessing = 0;
		};
		CC3BCCC726CF15320069E200 /* Sources */ = {
			isa = PBXSourcesBuildPhase;
			buildActionMask = 2147483647;
			files = (
				CC3BCCD826CF15330069E200 /* widget.intentdefinition in Sources */,
				CC3BCCD326CF15320069E200 /* widget.swift in Sources */,
				CC3BCCF526CF18610069E200 /* Budget.swift in Sources */,
				CC3BCCF226CF176A0069E200 /* Period.swift in Sources */,
				CC3BCCF826CF19040069E200 /* Transaction.swift in Sources */,
			);
			runOnlyForDeploymentPostprocessing = 0;
		};
/* End PBXSourcesBuildPhase section */

/* Begin PBXTargetDependency section */
		CC3BCCDB26CF15330069E200 /* PBXTargetDependency */ = {
			isa = PBXTargetDependency;
			target = CC3BCCCA26CF15320069E200 /* widgetExtension */;
			targetProxy = CC3BCCDA26CF15330069E200 /* PBXContainerItemProxy */;
		};
/* End PBXTargetDependency section */

/* Begin XCBuildConfiguration section */
		CC3BCCC226CF149D0069E200 /* Debug */ = {
			isa = XCBuildConfiguration;
			buildSettings = {
				ALWAYS_SEARCH_USER_PATHS = NO;
				CLANG_ANALYZER_NONNULL = YES;
				CLANG_ANALYZER_NUMBER_OBJECT_CONVERSION = YES_AGGRESSIVE;
				CLANG_CXX_LANGUAGE_STANDARD = "gnu++14";
				CLANG_CXX_LIBRARY = "libc++";
				CLANG_ENABLE_MODULES = YES;
				CLANG_ENABLE_OBJC_ARC = YES;
				CLANG_ENABLE_OBJC_WEAK = YES;
				CLANG_WARN_BLOCK_CAPTURE_AUTORELEASING = YES;
				CLANG_WARN_BOOL_CONVERSION = YES;
				CLANG_WARN_COMMA = YES;
				CLANG_WARN_CONSTANT_CONVERSION = YES;
				CLANG_WARN_DEPRECATED_OBJC_IMPLEMENTATIONS = YES;
				CLANG_WARN_DIRECT_OBJC_ISA_USAGE = YES_ERROR;
				CLANG_WARN_DOCUMENTATION_COMMENTS = YES;
				CLANG_WARN_EMPTY_BODY = YES;
				CLANG_WARN_ENUM_CONVERSION = YES;
				CLANG_WARN_INFINITE_RECURSION = YES;
				CLANG_WARN_INT_CONVERSION = YES;
				CLANG_WARN_NON_LITERAL_NULL_CONVERSION = YES;
				CLANG_WARN_OBJC_IMPLICIT_RETAIN_SELF = YES;
				CLANG_WARN_OBJC_LITERAL_CONVERSION = YES;
				CLANG_WARN_OBJC_ROOT_CLASS = YES_ERROR;
				CLANG_WARN_QUOTED_INCLUDE_IN_FRAMEWORK_HEADER = YES;
				CLANG_WARN_RANGE_LOOP_ANALYSIS = YES;
				CLANG_WARN_STRICT_PROTOTYPES = YES;
				CLANG_WARN_SUSPICIOUS_MOVE = YES;
				CLANG_WARN_UNGUARDED_AVAILABILITY = YES_AGGRESSIVE;
				CLANG_WARN_UNREACHABLE_CODE = YES;
				CLANG_WARN__DUPLICATE_METHOD_MATCH = YES;
				COPY_PHASE_STRIP = NO;
				DEBUG_INFORMATION_FORMAT = dwarf;
				ENABLE_STRICT_OBJC_MSGSEND = YES;
				ENABLE_TESTABILITY = YES;
				GCC_C_LANGUAGE_STANDARD = gnu11;
				GCC_DYNAMIC_NO_PIC = NO;
				GCC_NO_COMMON_BLOCKS = YES;
				GCC_OPTIMIZATION_LEVEL = 0;
				GCC_PREPROCESSOR_DEFINITIONS = (
					"DEBUG=1",
					"$(inherited)",
				);
				GCC_WARN_64_TO_32_BIT_CONVERSION = YES;
				GCC_WARN_ABOUT_RETURN_TYPE = YES_ERROR;
				GCC_WARN_UNDECLARED_SELECTOR = YES;
				GCC_WARN_UNINITIALIZED_AUTOS = YES_AGGRESSIVE;
				GCC_WARN_UNUSED_FUNCTION = YES;
				GCC_WARN_UNUSED_VARIABLE = YES;
				IPHONEOS_DEPLOYMENT_TARGET = 14.5;
				MTL_ENABLE_DEBUG_INFO = INCLUDE_SOURCE;
				MTL_FAST_MATH = YES;
				ONLY_ACTIVE_ARCH = YES;
				SDKROOT = iphoneos;
				SWIFT_ACTIVE_COMPILATION_CONDITIONS = DEBUG;
				SWIFT_OPTIMIZATION_LEVEL = "-Onone";
			};
			name = Debug;
		};
		CC3BCCC326CF149D0069E200 /* Release */ = {
			isa = XCBuildConfiguration;
			buildSettings = {
				ALWAYS_SEARCH_USER_PATHS = NO;
				CLANG_ANALYZER_NONNULL = YES;
				CLANG_ANALYZER_NUMBER_OBJECT_CONVERSION = YES_AGGRESSIVE;
				CLANG_CXX_LANGUAGE_STANDARD = "gnu++14";
				CLANG_CXX_LIBRARY = "libc++";
				CLANG_ENABLE_MODULES = YES;
				CLANG_ENABLE_OBJC_ARC = YES;
				CLANG_ENABLE_OBJC_WEAK = YES;
				CLANG_WARN_BLOCK_CAPTURE_AUTORELEASING = YES;
				CLANG_WARN_BOOL_CONVERSION = YES;
				CLANG_WARN_COMMA = YES;
				CLANG_WARN_CONSTANT_CONVERSION = YES;
				CLANG_WARN_DEPRECATED_OBJC_IMPLEMENTATIONS = YES;
				CLANG_WARN_DIRECT_OBJC_ISA_USAGE = YES_ERROR;
				CLANG_WARN_DOCUMENTATION_COMMENTS = YES;
				CLANG_WARN_EMPTY_BODY = YES;
				CLANG_WARN_ENUM_CONVERSION = YES;
				CLANG_WARN_INFINITE_RECURSION = YES;
				CLANG_WARN_INT_CONVERSION = YES;
				CLANG_WARN_NON_LITERAL_NULL_CONVERSION = YES;
				CLANG_WARN_OBJC_IMPLICIT_RETAIN_SELF = YES;
				CLANG_WARN_OBJC_LITERAL_CONVERSION = YES;
				CLANG_WARN_OBJC_ROOT_CLASS = YES_ERROR;
				CLANG_WARN_QUOTED_INCLUDE_IN_FRAMEWORK_HEADER = YES;
				CLANG_WARN_RANGE_LOOP_ANALYSIS = YES;
				CLANG_WARN_STRICT_PROTOTYPES = YES;
				CLANG_WARN_SUSPICIOUS_MOVE = YES;
				CLANG_WARN_UNGUARDED_AVAILABILITY = YES_AGGRESSIVE;
				CLANG_WARN_UNREACHABLE_CODE = YES;
				CLANG_WARN__DUPLICATE_METHOD_MATCH = YES;
				COPY_PHASE_STRIP = NO;
				DEBUG_INFORMATION_FORMAT = "dwarf-with-dsym";
				ENABLE_NS_ASSERTIONS = NO;
				ENABLE_STRICT_OBJC_MSGSEND = YES;
				GCC_C_LANGUAGE_STANDARD = gnu11;
				GCC_NO_COMMON_BLOCKS = YES;
				GCC_WARN_64_TO_32_BIT_CONVERSION = YES;
				GCC_WARN_ABOUT_RETURN_TYPE = YES_ERROR;
				GCC_WARN_UNDECLARED_SELECTOR = YES;
				GCC_WARN_UNINITIALIZED_AUTOS = YES_AGGRESSIVE;
				GCC_WARN_UNUSED_FUNCTION = YES;
				GCC_WARN_UNUSED_VARIABLE = YES;
				IPHONEOS_DEPLOYMENT_TARGET = 14.5;
				MTL_ENABLE_DEBUG_INFO = NO;
				MTL_FAST_MATH = YES;
				SDKROOT = iphoneos;
				SWIFT_COMPILATION_MODE = wholemodule;
				SWIFT_OPTIMIZATION_LEVEL = "-O";
				VALIDATE_PRODUCT = YES;
			};
			name = Release;
		};
		CC3BCCC526CF149D0069E200 /* Debug */ = {
			isa = XCBuildConfiguration;
			buildSettings = {
				ALWAYS_EMBED_SWIFT_STANDARD_LIBRARIES = YES;
				ASSETCATALOG_COMPILER_APPICON_NAME = AppIcon;
				ASSETCATALOG_COMPILER_GLOBAL_ACCENT_COLOR_NAME = AccentColor;
				CODE_SIGN_STYLE = Automatic;
				DEVELOPMENT_ASSET_PATHS = "\"Finapp/Preview Content\"";
				DEVELOPMENT_TEAM = F2XW5B8J28;
				ENABLE_PREVIEWS = YES;
				INFOPLIST_FILE = Finapp/Info.plist;
				IPHONEOS_DEPLOYMENT_TARGET = 14.0;
				LD_RUNPATH_SEARCH_PATHS = (
					"$(inherited)",
					"@executable_path/Frameworks",
				);
				PRODUCT_BUNDLE_IDENTIFIER = com.tavoohoh.Finapp;
				PRODUCT_NAME = "$(TARGET_NAME)";
				SWIFT_VERSION = 5.0;
				TARGETED_DEVICE_FAMILY = 1;
			};
			name = Debug;
		};
		CC3BCCC626CF149D0069E200 /* Release */ = {
			isa = XCBuildConfiguration;
			buildSettings = {
				ALWAYS_EMBED_SWIFT_STANDARD_LIBRARIES = YES;
				ASSETCATALOG_COMPILER_APPICON_NAME = AppIcon;
				ASSETCATALOG_COMPILER_GLOBAL_ACCENT_COLOR_NAME = AccentColor;
				CODE_SIGN_STYLE = Automatic;
				DEVELOPMENT_ASSET_PATHS = "\"Finapp/Preview Content\"";
				DEVELOPMENT_TEAM = F2XW5B8J28;
				ENABLE_PREVIEWS = YES;
				INFOPLIST_FILE = Finapp/Info.plist;
				IPHONEOS_DEPLOYMENT_TARGET = 14.0;
				LD_RUNPATH_SEARCH_PATHS = (
					"$(inherited)",
					"@executable_path/Frameworks",
				);
				PRODUCT_BUNDLE_IDENTIFIER = com.tavoohoh.Finapp;
				PRODUCT_NAME = "$(TARGET_NAME)";
				SWIFT_VERSION = 5.0;
				TARGETED_DEVICE_FAMILY = 1;
			};
			name = Release;
		};
		CC3BCCDE26CF15330069E200 /* Debug */ = {
			isa = XCBuildConfiguration;
			buildSettings = {
				ASSETCATALOG_COMPILER_GLOBAL_ACCENT_COLOR_NAME = AccentColor;
				ASSETCATALOG_COMPILER_WIDGET_BACKGROUND_COLOR_NAME = WidgetBackground;
				CODE_SIGN_STYLE = Automatic;
				DEVELOPMENT_TEAM = F2XW5B8J28;
				INFOPLIST_FILE = widget/Info.plist;
				LD_RUNPATH_SEARCH_PATHS = (
					"$(inherited)",
					"@executable_path/Frameworks",
					"@executable_path/../../Frameworks",
				);
				PRODUCT_BUNDLE_IDENTIFIER = com.tavoohoh.Finapp.widget;
				PRODUCT_NAME = "$(TARGET_NAME)";
				SKIP_INSTALL = YES;
				SWIFT_VERSION = 5.0;
				TARGETED_DEVICE_FAMILY = "1,2";
			};
			name = Debug;
		};
		CC3BCCDF26CF15330069E200 /* Release */ = {
			isa = XCBuildConfiguration;
			buildSettings = {
				ASSETCATALOG_COMPILER_GLOBAL_ACCENT_COLOR_NAME = AccentColor;
				ASSETCATALOG_COMPILER_WIDGET_BACKGROUND_COLOR_NAME = WidgetBackground;
				CODE_SIGN_STYLE = Automatic;
				DEVELOPMENT_TEAM = F2XW5B8J28;
				INFOPLIST_FILE = widget/Info.plist;
				LD_RUNPATH_SEARCH_PATHS = (
					"$(inherited)",
					"@executable_path/Frameworks",
					"@executable_path/../../Frameworks",
				);
				PRODUCT_BUNDLE_IDENTIFIER = com.tavoohoh.Finapp.widget;
				PRODUCT_NAME = "$(TARGET_NAME)";
				SKIP_INSTALL = YES;
				SWIFT_VERSION = 5.0;
				TARGETED_DEVICE_FAMILY = "1,2";
			};
			name = Release;
		};
/* End XCBuildConfiguration section */

/* Begin XCConfigurationList section */
		CC3BCCB026CF149C0069E200 /* Build configuration list for PBXProject "Finapp" */ = {
			isa = XCConfigurationList;
			buildConfigurations = (
				CC3BCCC226CF149D0069E200 /* Debug */,
				CC3BCCC326CF149D0069E200 /* Release */,
			);
			defaultConfigurationIsVisible = 0;
			defaultConfigurationName = Release;
		};
		CC3BCCC426CF149D0069E200 /* Build configuration list for PBXNativeTarget "Finapp" */ = {
			isa = XCConfigurationList;
			buildConfigurations = (
				CC3BCCC526CF149D0069E200 /* Debug */,
				CC3BCCC626CF149D0069E200 /* Release */,
			);
			defaultConfigurationIsVisible = 0;
			defaultConfigurationName = Release;
		};
		CC3BCCDD26CF15330069E200 /* Build configuration list for PBXNativeTarget "widgetExtension" */ = {
			isa = XCConfigurationList;
			buildConfigurations = (
				CC3BCCDE26CF15330069E200 /* Debug */,
				CC3BCCDF26CF15330069E200 /* Release */,
			);
			defaultConfigurationIsVisible = 0;
			defaultConfigurationName = Release;
		};
/* End XCConfigurationList section */
	};
	rootObject = CC3BCCAD26CF149C0069E200 /* Project object */;
}
